
Microsoft Visual Studio Solution File, Format Version 12.00
# Visual Studio Version 17
VisualStudioVersion = 17.13.35818.85 d17.13
MinimumVisualStudioVersion = 10.0.40219.1
Project("{FAE04EC0-301F-11D3-BF4B-00C04F79EFBC}") = "M7PAPIA", "M7PAPIA\M7PAPIA.csproj", "{28B375C9-9211-4860-8A10-45E9F4E87C43}"
EndProject
Global
	GlobalSection(SolutionConfigurationPlatforms) = preSolution
		Debug|Any CPU = Debug|Any CPU
		Release|Any CPU = Release|Any CPU
	EndGlobalSection
	GlobalSection(ProjectConfigurationPlatforms) = postSolution
		{28B375C9-9211-4860-8A10-45E9F4E87C43}.Debug|Any CPU.ActiveCfg = Debug|Any CPU
		{28B375C9-9211-4860-8A10-45E9F4E87C43}.Debug|Any CPU.Build.0 = Debug|Any CPU
		{28B375C9-9211-4860-8A10-45E9F4E87C43}.Release|Any CPU.ActiveCfg = Release|Any CPU
		{28B375C9-9211-4860-8A10-45E9F4E87C43}.Release|Any CPU.Build.0 = Release|Any CPU
	EndGlobalSection
	GlobalSection(SolutionProperties) = preSolution
		HideSolutionNode = FALSE
	EndGlobalSection
	GlobalSection(ExtensibilityGlobals) = postSolution
		SolutionGuid = {39B39C22-162D-4E32-9CF4-F0DF8CBF34F0}
	EndGlobalSection
EndGlobal
